// !$*UTF8*$!
{
	archiveVersion = 1;
	classes = {
	};
	objectVersion = 50;
	objects = {

/* Begin PBXBuildFile section */
		D46C34D826D4EB81001E27D3 /* GameViewController.swift in Sources */ = {isa = PBXBuildFile; fileRef = D46C34D726D4EB80001E27D3 /* GameViewController.swift */; };
		D46C34DA26D4F85A001E27D3 /* GameViewControllerView.swift in Sources */ = {isa = PBXBuildFile; fileRef = D46C34D926D4F85A001E27D3 /* GameViewControllerView.swift */; };
		D46C34DD26D4FAD9001E27D3 /* ImageDownloadManager.swift in Sources */ = {isa = PBXBuildFile; fileRef = D46C34DC26D4FAD9001E27D3 /* ImageDownloadManager.swift */; };
		D46C34DF26D4FAEE001E27D3 /* ImageOperation.swift in Sources */ = {isa = PBXBuildFile; fileRef = D46C34DE26D4FAEE001E27D3 /* ImageOperation.swift */; };
		D46C34E226D4FB5C001E27D3 /* Styling.swift in Sources */ = {isa = PBXBuildFile; fileRef = D46C34E126D4FB5C001E27D3 /* Styling.swift */; };
		D46C34E426D4FB81001E27D3 /* Labels.swift in Sources */ = {isa = PBXBuildFile; fileRef = D46C34E326D4FB81001E27D3 /* Labels.swift */; };
		D46C34EB26D4FE0E001E27D3 /* Views.swift in Sources */ = {isa = PBXBuildFile; fileRef = D46C34EA26D4FE0E001E27D3 /* Views.swift */; };
		D46C34ED26D4FF0D001E27D3 /* AudioHelper.swift in Sources */ = {isa = PBXBuildFile; fileRef = D46C34EC26D4FF0D001E27D3 /* AudioHelper.swift */; };
		D46C34F426D50BB6001E27D3 /* theme.mp3 in Resources */ = {isa = PBXBuildFile; fileRef = D46C34F326D50BB6001E27D3 /* theme.mp3 */; };
		D46C34F726D52E71001E27D3 /* MenuButton.swift in Sources */ = {isa = PBXBuildFile; fileRef = D46C34F626D52E71001E27D3 /* MenuButton.swift */; };
		D46C34F926D5312E001E27D3 /* NativeView.swift in Sources */ = {isa = PBXBuildFile; fileRef = D46C34F826D5312E001E27D3 /* NativeView.swift */; };
		D46C34FB26D54EFD001E27D3 /* CharacterView.swift in Sources */ = {isa = PBXBuildFile; fileRef = D46C34FA26D54EFD001E27D3 /* CharacterView.swift */; };
		D46C350126D57B34001E27D3 /* OptionButton.swift in Sources */ = {isa = PBXBuildFile; fileRef = D46C350026D57B34001E27D3 /* OptionButton.swift */; };
		D46C350326D587BB001E27D3 /* GameViewController+Ext.swift in Sources */ = {isa = PBXBuildFile; fileRef = D46C350226D587BB001E27D3 /* GameViewController+Ext.swift */; };
		D46C350526D58BB9001E27D3 /* incorrect.mp3 in Resources */ = {isa = PBXBuildFile; fileRef = D46C350426D58BB9001E27D3 /* incorrect.mp3 */; };
		D46C350726D58DEC001E27D3 /* correct.mp3 in Resources */ = {isa = PBXBuildFile; fileRef = D46C350626D58DEB001E27D3 /* correct.mp3 */; };
		D46C350926D59EA0001E27D3 /* SessionManager.swift in Sources */ = {isa = PBXBuildFile; fileRef = D46C350826D59EA0001E27D3 /* SessionManager.swift */; };
		D47B324126D60EB80064A38E /* SupportButton.swift in Sources */ = {isa = PBXBuildFile; fileRef = D47B324026D60EB80064A38E /* SupportButton.swift */; };
		D47B324326D617BA0064A38E /* TimerView.swift in Sources */ = {isa = PBXBuildFile; fileRef = D47B324226D617BA0064A38E /* TimerView.swift */; };
		D47C071826D139A000079D08 /* AppDelegate.swift in Sources */ = {isa = PBXBuildFile; fileRef = D47C071726D139A000079D08 /* AppDelegate.swift */; };
		D47C071A26D139A000079D08 /* SceneDelegate.swift in Sources */ = {isa = PBXBuildFile; fileRef = D47C071926D139A000079D08 /* SceneDelegate.swift */; };
		D47C072226D139A000079D08 /* Pokemon_Quiz.xcdatamodeld in Sources */ = {isa = PBXBuildFile; fileRef = D47C072026D139A000079D08 /* Pokemon_Quiz.xcdatamodeld */; };
		D47C072426D139A900079D08 /* Assets.xcassets in Resources */ = {isa = PBXBuildFile; fileRef = D47C072326D139A900079D08 /* Assets.xcassets */; };
		D47C072726D139A900079D08 /* LaunchScreen.storyboard in Resources */ = {isa = PBXBuildFile; fileRef = D47C072526D139A900079D08 /* LaunchScreen.storyboard */; };
		D47C073226D139A900079D08 /* Pokemon_QuizTests.swift in Sources */ = {isa = PBXBuildFile; fileRef = D47C073126D139A900079D08 /* Pokemon_QuizTests.swift */; };
		D47C073D26D139A900079D08 /* Pokemon_QuizUITests.swift in Sources */ = {isa = PBXBuildFile; fileRef = D47C073C26D139A900079D08 /* Pokemon_QuizUITests.swift */; };
		D47C074B26D149E200079D08 /* MainCoordinator.swift in Sources */ = {isa = PBXBuildFile; fileRef = D47C074A26D149E200079D08 /* MainCoordinator.swift */; };
		D47C074D26D14A1300079D08 /* Protocols.swift in Sources */ = {isa = PBXBuildFile; fileRef = D47C074C26D14A1300079D08 /* Protocols.swift */; };
		D47C075326D14C3000079D08 /* PokemonAPIClient.swift in Sources */ = {isa = PBXBuildFile; fileRef = D47C075226D14C3000079D08 /* PokemonAPIClient.swift */; };
		D47C075726D14CBD00079D08 /* HttpClient.swift in Sources */ = {isa = PBXBuildFile; fileRef = D47C075626D14CBD00079D08 /* HttpClient.swift */; };
		D47C075926D14DEB00079D08 /* Pokemon.swift in Sources */ = {isa = PBXBuildFile; fileRef = D47C075826D14DEB00079D08 /* Pokemon.swift */; };
		D47C075C26D1518400079D08 /* CoreDataHelper.swift in Sources */ = {isa = PBXBuildFile; fileRef = D47C075B26D1518400079D08 /* CoreDataHelper.swift */; };
		D4D95C4926D2504B00A1B2F0 /* MenuViewController.swift in Sources */ = {isa = PBXBuildFile; fileRef = D4D95C4826D2504B00A1B2F0 /* MenuViewController.swift */; };
		D4D95C4C26D2551900A1B2F0 /* BaseViewController.swift in Sources */ = {isa = PBXBuildFile; fileRef = D4D95C4B26D2551900A1B2F0 /* BaseViewController.swift */; };
		D4D95C5026D256B900A1B2F0 /* MenuViewControllerView.swift in Sources */ = {isa = PBXBuildFile; fileRef = D4D95C4F26D256B900A1B2F0 /* MenuViewControllerView.swift */; };
		D4D95C5326D2589000A1B2F0 /* ViewFactory.swift in Sources */ = {isa = PBXBuildFile; fileRef = D4D95C5226D2589000A1B2F0 /* ViewFactory.swift */; };
		D4D95C5526D25E9000A1B2F0 /* Data&Models.swift in Sources */ = {isa = PBXBuildFile; fileRef = D4D95C5426D25E9000A1B2F0 /* Data&Models.swift */; };
		D4D95C5726D26ED600A1B2F0 /* Utils.swift in Sources */ = {isa = PBXBuildFile; fileRef = D4D95C5626D26ED600A1B2F0 /* Utils.swift */; };
		D4D95C5926D277BA00A1B2F0 /* Question.swift in Sources */ = {isa = PBXBuildFile; fileRef = D4D95C5826D277BA00A1B2F0 /* Question.swift */; };
		D4D95C5B26D2780500A1B2F0 /* QuestionViewModel.swift in Sources */ = {isa = PBXBuildFile; fileRef = D4D95C5A26D2780500A1B2F0 /* QuestionViewModel.swift */; };
		D4D95C5D26D27EB400A1B2F0 /* Observable.swift in Sources */ = {isa = PBXBuildFile; fileRef = D4D95C5C26D27EB400A1B2F0 /* Observable.swift */; };
		D4D95C5F26D27F0900A1B2F0 /* QuestionManager.swift in Sources */ = {isa = PBXBuildFile; fileRef = D4D95C5E26D27F0900A1B2F0 /* QuestionManager.swift */; };
		D4D95C6126D2957F00A1B2F0 /* PokemonDataStore.swift in Sources */ = {isa = PBXBuildFile; fileRef = D4D95C6026D2957F00A1B2F0 /* PokemonDataStore.swift */; };
/* End PBXBuildFile section */

/* Begin PBXContainerItemProxy section */
		D47C072E26D139A900079D08 /* PBXContainerItemProxy */ = {
			isa = PBXContainerItemProxy;
			containerPortal = D47C070C26D139A000079D08 /* Project object */;
			proxyType = 1;
			remoteGlobalIDString = D47C071326D139A000079D08;
			remoteInfo = "Pokemon Quiz";
		};
		D47C073926D139A900079D08 /* PBXContainerItemProxy */ = {
			isa = PBXContainerItemProxy;
			containerPortal = D47C070C26D139A000079D08 /* Project object */;
			proxyType = 1;
			remoteGlobalIDString = D47C071326D139A000079D08;
			remoteInfo = "Pokemon Quiz";
		};
/* End PBXContainerItemProxy section */

/* Begin PBXFileReference section */
		D46C34D726D4EB80001E27D3 /* GameViewController.swift */ = {isa = PBXFileReference; lastKnownFileType = sourcecode.swift; path = GameViewController.swift; sourceTree = "<group>"; };
		D46C34D926D4F85A001E27D3 /* GameViewControllerView.swift */ = {isa = PBXFileReference; lastKnownFileType = sourcecode.swift; path = GameViewControllerView.swift; sourceTree = "<group>"; };
		D46C34DC26D4FAD9001E27D3 /* ImageDownloadManager.swift */ = {isa = PBXFileReference; lastKnownFileType = sourcecode.swift; path = ImageDownloadManager.swift; sourceTree = "<group>"; };
		D46C34DE26D4FAEE001E27D3 /* ImageOperation.swift */ = {isa = PBXFileReference; lastKnownFileType = sourcecode.swift; path = ImageOperation.swift; sourceTree = "<group>"; };
		D46C34E126D4FB5C001E27D3 /* Styling.swift */ = {isa = PBXFileReference; lastKnownFileType = sourcecode.swift; path = Styling.swift; sourceTree = "<group>"; };
		D46C34E326D4FB81001E27D3 /* Labels.swift */ = {isa = PBXFileReference; lastKnownFileType = sourcecode.swift; path = Labels.swift; sourceTree = "<group>"; };
		D46C34EA26D4FE0E001E27D3 /* Views.swift */ = {isa = PBXFileReference; lastKnownFileType = sourcecode.swift; path = Views.swift; sourceTree = "<group>"; };
		D46C34EC26D4FF0D001E27D3 /* AudioHelper.swift */ = {isa = PBXFileReference; lastKnownFileType = sourcecode.swift; path = AudioHelper.swift; sourceTree = "<group>"; };
		D46C34F326D50BB6001E27D3 /* theme.mp3 */ = {isa = PBXFileReference; lastKnownFileType = audio.mp3; path = theme.mp3; sourceTree = "<group>"; };
		D46C34F626D52E71001E27D3 /* MenuButton.swift */ = {isa = PBXFileReference; lastKnownFileType = sourcecode.swift; path = MenuButton.swift; sourceTree = "<group>"; };
		D46C34F826D5312E001E27D3 /* NativeView.swift */ = {isa = PBXFileReference; lastKnownFileType = sourcecode.swift; path = NativeView.swift; sourceTree = "<group>"; };
		D46C34FA26D54EFD001E27D3 /* CharacterView.swift */ = {isa = PBXFileReference; lastKnownFileType = sourcecode.swift; path = CharacterView.swift; sourceTree = "<group>"; };
		D46C350026D57B34001E27D3 /* OptionButton.swift */ = {isa = PBXFileReference; lastKnownFileType = sourcecode.swift; path = OptionButton.swift; sourceTree = "<group>"; };
		D46C350226D587BB001E27D3 /* GameViewController+Ext.swift */ = {isa = PBXFileReference; lastKnownFileType = sourcecode.swift; path = "GameViewController+Ext.swift"; sourceTree = "<group>"; };
		D46C350426D58BB9001E27D3 /* incorrect.mp3 */ = {isa = PBXFileReference; lastKnownFileType = audio.mp3; path = incorrect.mp3; sourceTree = "<group>"; };
		D46C350626D58DEB001E27D3 /* correct.mp3 */ = {isa = PBXFileReference; lastKnownFileType = audio.mp3; path = correct.mp3; sourceTree = "<group>"; };
		D46C350826D59EA0001E27D3 /* SessionManager.swift */ = {isa = PBXFileReference; lastKnownFileType = sourcecode.swift; path = SessionManager.swift; sourceTree = "<group>"; };
		D47B324026D60EB80064A38E /* SupportButton.swift */ = {isa = PBXFileReference; lastKnownFileType = sourcecode.swift; path = SupportButton.swift; sourceTree = "<group>"; };
		D47B324226D617BA0064A38E /* TimerView.swift */ = {isa = PBXFileReference; lastKnownFileType = sourcecode.swift; path = TimerView.swift; sourceTree = "<group>"; };
		D47C071426D139A000079D08 /* Pokemon Quiz.app */ = {isa = PBXFileReference; explicitFileType = wrapper.application; includeInIndex = 0; path = "Pokemon Quiz.app"; sourceTree = BUILT_PRODUCTS_DIR; };
		D47C071726D139A000079D08 /* AppDelegate.swift */ = {isa = PBXFileReference; lastKnownFileType = sourcecode.swift; path = AppDelegate.swift; sourceTree = "<group>"; };
		D47C071926D139A000079D08 /* SceneDelegate.swift */ = {isa = PBXFileReference; lastKnownFileType = sourcecode.swift; path = SceneDelegate.swift; sourceTree = "<group>"; };
		D47C072126D139A000079D08 /* Pokemon_Quiz.xcdatamodel */ = {isa = PBXFileReference; lastKnownFileType = wrapper.xcdatamodel; path = Pokemon_Quiz.xcdatamodel; sourceTree = "<group>"; };
		D47C072326D139A900079D08 /* Assets.xcassets */ = {isa = PBXFileReference; lastKnownFileType = folder.assetcatalog; path = Assets.xcassets; sourceTree = "<group>"; };
		D47C072626D139A900079D08 /* Base */ = {isa = PBXFileReference; lastKnownFileType = file.storyboard; name = Base; path = Base.lproj/LaunchScreen.storyboard; sourceTree = "<group>"; };
		D47C072826D139A900079D08 /* Info.plist */ = {isa = PBXFileReference; lastKnownFileType = text.plist.xml; path = Info.plist; sourceTree = "<group>"; };
		D47C072D26D139A900079D08 /* Pokemon QuizTests.xctest */ = {isa = PBXFileReference; explicitFileType = wrapper.cfbundle; includeInIndex = 0; path = "Pokemon QuizTests.xctest"; sourceTree = BUILT_PRODUCTS_DIR; };
		D47C073126D139A900079D08 /* Pokemon_QuizTests.swift */ = {isa = PBXFileReference; lastKnownFileType = sourcecode.swift; path = Pokemon_QuizTests.swift; sourceTree = "<group>"; };
		D47C073326D139A900079D08 /* Info.plist */ = {isa = PBXFileReference; lastKnownFileType = text.plist.xml; path = Info.plist; sourceTree = "<group>"; };
		D47C073826D139A900079D08 /* Pokemon QuizUITests.xctest */ = {isa = PBXFileReference; explicitFileType = wrapper.cfbundle; includeInIndex = 0; path = "Pokemon QuizUITests.xctest"; sourceTree = BUILT_PRODUCTS_DIR; };
		D47C073C26D139A900079D08 /* Pokemon_QuizUITests.swift */ = {isa = PBXFileReference; lastKnownFileType = sourcecode.swift; path = Pokemon_QuizUITests.swift; sourceTree = "<group>"; };
		D47C073E26D139A900079D08 /* Info.plist */ = {isa = PBXFileReference; lastKnownFileType = text.plist.xml; path = Info.plist; sourceTree = "<group>"; };
		D47C074A26D149E200079D08 /* MainCoordinator.swift */ = {isa = PBXFileReference; lastKnownFileType = sourcecode.swift; path = MainCoordinator.swift; sourceTree = "<group>"; };
		D47C074C26D14A1300079D08 /* Protocols.swift */ = {isa = PBXFileReference; lastKnownFileType = sourcecode.swift; path = Protocols.swift; sourceTree = "<group>"; };
		D47C075226D14C3000079D08 /* PokemonAPIClient.swift */ = {isa = PBXFileReference; lastKnownFileType = sourcecode.swift; path = PokemonAPIClient.swift; sourceTree = "<group>"; };
		D47C075626D14CBD00079D08 /* HttpClient.swift */ = {isa = PBXFileReference; lastKnownFileType = sourcecode.swift; path = HttpClient.swift; sourceTree = "<group>"; };
		D47C075826D14DEB00079D08 /* Pokemon.swift */ = {isa = PBXFileReference; lastKnownFileType = sourcecode.swift; path = Pokemon.swift; sourceTree = "<group>"; };
		D47C075B26D1518400079D08 /* CoreDataHelper.swift */ = {isa = PBXFileReference; lastKnownFileType = sourcecode.swift; name = CoreDataHelper.swift; path = ../../../../../Downloads/CoreDataHelper.swift; sourceTree = "<group>"; };
		D4D95C4826D2504B00A1B2F0 /* MenuViewController.swift */ = {isa = PBXFileReference; lastKnownFileType = sourcecode.swift; path = MenuViewController.swift; sourceTree = "<group>"; };
		D4D95C4B26D2551900A1B2F0 /* BaseViewController.swift */ = {isa = PBXFileReference; lastKnownFileType = sourcecode.swift; path = BaseViewController.swift; sourceTree = "<group>"; };
		D4D95C4F26D256B900A1B2F0 /* MenuViewControllerView.swift */ = {isa = PBXFileReference; lastKnownFileType = sourcecode.swift; path = MenuViewControllerView.swift; sourceTree = "<group>"; };
		D4D95C5226D2589000A1B2F0 /* ViewFactory.swift */ = {isa = PBXFileReference; lastKnownFileType = sourcecode.swift; path = ViewFactory.swift; sourceTree = "<group>"; };
		D4D95C5426D25E9000A1B2F0 /* Data&Models.swift */ = {isa = PBXFileReference; lastKnownFileType = sourcecode.swift; path = "Data&Models.swift"; sourceTree = "<group>"; };
		D4D95C5626D26ED600A1B2F0 /* Utils.swift */ = {isa = PBXFileReference; lastKnownFileType = sourcecode.swift; path = Utils.swift; sourceTree = "<group>"; };
		D4D95C5826D277BA00A1B2F0 /* Question.swift */ = {isa = PBXFileReference; lastKnownFileType = sourcecode.swift; path = Question.swift; sourceTree = "<group>"; };
		D4D95C5A26D2780500A1B2F0 /* QuestionViewModel.swift */ = {isa = PBXFileReference; lastKnownFileType = sourcecode.swift; path = QuestionViewModel.swift; sourceTree = "<group>"; };
		D4D95C5C26D27EB400A1B2F0 /* Observable.swift */ = {isa = PBXFileReference; lastKnownFileType = sourcecode.swift; path = Observable.swift; sourceTree = "<group>"; };
		D4D95C5E26D27F0900A1B2F0 /* QuestionManager.swift */ = {isa = PBXFileReference; lastKnownFileType = sourcecode.swift; path = QuestionManager.swift; sourceTree = "<group>"; };
		D4D95C6026D2957F00A1B2F0 /* PokemonDataStore.swift */ = {isa = PBXFileReference; lastKnownFileType = sourcecode.swift; path = PokemonDataStore.swift; sourceTree = "<group>"; };
/* End PBXFileReference section */

/* Begin PBXFrameworksBuildPhase section */
		D47C071126D139A000079D08 /* Frameworks */ = {
			isa = PBXFrameworksBuildPhase;
			buildActionMask = 2147483647;
			files = (
			);
			runOnlyForDeploymentPostprocessing = 0;
		};
		D47C072A26D139A900079D08 /* Frameworks */ = {
			isa = PBXFrameworksBuildPhase;
			buildActionMask = 2147483647;
			files = (
			);
			runOnlyForDeploymentPostprocessing = 0;
		};
		D47C073526D139A900079D08 /* Frameworks */ = {
			isa = PBXFrameworksBuildPhase;
			buildActionMask = 2147483647;
			files = (
			);
			runOnlyForDeploymentPostprocessing = 0;
		};
/* End PBXFrameworksBuildPhase section */

/* Begin PBXGroup section */
		D46C34D626D4EB5C001E27D3 /* Game */ = {
			isa = PBXGroup;
			children = (
				D46C34D726D4EB80001E27D3 /* GameViewController.swift */,
				D46C350226D587BB001E27D3 /* GameViewController+Ext.swift */,
			);
			path = Game;
			sourceTree = "<group>";
		};
		D46C34DB26D4FAC4001E27D3 /* Imaging */ = {
			isa = PBXGroup;
			children = (
				D46C34DC26D4FAD9001E27D3 /* ImageDownloadManager.swift */,
				D46C34DE26D4FAEE001E27D3 /* ImageOperation.swift */,
			);
			path = Imaging;
			sourceTree = "<group>";
		};
		D46C34E026D4FB4F001E27D3 /* Branding */ = {
			isa = PBXGroup;
			children = (
				D46C34E326D4FB81001E27D3 /* Labels.swift */,
				D46C34E126D4FB5C001E27D3 /* Styling.swift */,
			);
			path = Branding;
			sourceTree = "<group>";
		};
		D46C34E526D4FCC7001E27D3 /* Data */ = {
			isa = PBXGroup;
			children = (
				D4D95C6026D2957F00A1B2F0 /* PokemonDataStore.swift */,
				D4D95C5E26D27F0900A1B2F0 /* QuestionManager.swift */,
			);
			path = Data;
			sourceTree = "<group>";
		};
		D46C34E626D4FCE4001E27D3 /* Nav */ = {
			isa = PBXGroup;
			children = (
				D47C074A26D149E200079D08 /* MainCoordinator.swift */,
			);
			path = Nav;
			sourceTree = "<group>";
		};
		D46C34E726D4FCF3001E27D3 /* Misc */ = {
			isa = PBXGroup;
			children = (
				D4D95C5626D26ED600A1B2F0 /* Utils.swift */,
			);
			path = Misc;
			sourceTree = "<group>";
		};
		D46C34E826D4FD0B001E27D3 /* Extensions */ = {
			isa = PBXGroup;
			children = (
				D4D95C5426D25E9000A1B2F0 /* Data&Models.swift */,
				D46C34EA26D4FE0E001E27D3 /* Views.swift */,
			);
			path = Extensions;
			sourceTree = "<group>";
		};
		D46C34E926D4FD59001E27D3 /* Audio */ = {
			isa = PBXGroup;
			children = (
				D46C34EC26D4FF0D001E27D3 /* AudioHelper.swift */,
			);
			path = Audio;
			sourceTree = "<group>";
		};
		D46C34EE26D500B9001E27D3 /* Assets */ = {
			isa = PBXGroup;
			children = (
				D46C34F026D500C5001E27D3 /* Audio */,
				D46C34EF26D500C0001E27D3 /* Images */,
			);
			path = Assets;
			sourceTree = "<group>";
		};
		D46C34EF26D500C0001E27D3 /* Images */ = {
			isa = PBXGroup;
			children = (
				D47C072326D139A900079D08 /* Assets.xcassets */,
			);
			path = Images;
			sourceTree = "<group>";
		};
		D46C34F026D500C5001E27D3 /* Audio */ = {
			isa = PBXGroup;
			children = (
				D46C350426D58BB9001E27D3 /* incorrect.mp3 */,
				D46C350626D58DEB001E27D3 /* correct.mp3 */,
				D46C34F326D50BB6001E27D3 /* theme.mp3 */,
			);
			path = Audio;
			sourceTree = "<group>";
		};
		D46C34F526D52E61001E27D3 /* Buttons */ = {
			isa = PBXGroup;
			children = (
				D46C34F626D52E71001E27D3 /* MenuButton.swift */,
				D46C350026D57B34001E27D3 /* OptionButton.swift */,
				D47B324026D60EB80064A38E /* SupportButton.swift */,
			);
			path = Buttons;
			sourceTree = "<group>";
		};
		D46C350A26D59EAF001E27D3 /* Game */ = {
			isa = PBXGroup;
			children = (
				D46C350826D59EA0001E27D3 /* SessionManager.swift */,
			);
			path = Game;
			sourceTree = "<group>";
		};
		D47C070B26D139A000079D08 = {
			isa = PBXGroup;
			children = (
				D47C071626D139A000079D08 /* Pokemon Quiz */,
				D47C073026D139A900079D08 /* Pokemon QuizTests */,
				D47C073B26D139A900079D08 /* Pokemon QuizUITests */,
				D47C071526D139A000079D08 /* Products */,
			);
			sourceTree = "<group>";
		};
		D47C071526D139A000079D08 /* Products */ = {
			isa = PBXGroup;
			children = (
				D47C071426D139A000079D08 /* Pokemon Quiz.app */,
				D47C072D26D139A900079D08 /* Pokemon QuizTests.xctest */,
				D47C073826D139A900079D08 /* Pokemon QuizUITests.xctest */,
			);
			name = Products;
			sourceTree = "<group>";
		};
		D47C071626D139A000079D08 /* Pokemon Quiz */ = {
			isa = PBXGroup;
			children = (
				D47C071726D139A000079D08 /* AppDelegate.swift */,
				D46C34EE26D500B9001E27D3 /* Assets */,
				D46C34E026D4FB4F001E27D3 /* Branding */,
				D47C074E26D14B2800079D08 /* Controller */,
				D46C34E826D4FD0B001E27D3 /* Extensions */,
				D47C075126D14B5700079D08 /* Helpers */,
				D47C072826D139A900079D08 /* Info.plist */,
				D47C072526D139A900079D08 /* LaunchScreen.storyboard */,
				D47C075026D14B3900079D08 /* Model */,
				D4D95C5C26D27EB400A1B2F0 /* Observable.swift */,
				D47C072026D139A000079D08 /* Pokemon_Quiz.xcdatamodeld */,
				D47C074C26D14A1300079D08 /* Protocols.swift */,
				D47C071926D139A000079D08 /* SceneDelegate.swift */,
				D4D95C4E26D2568D00A1B2F0 /* View */,
				D4D95C4D26D2568200A1B2F0 /* ViewModel */,
			);
			path = "Pokemon Quiz";
			sourceTree = "<group>";
		};
		D47C073026D139A900079D08 /* Pokemon QuizTests */ = {
			isa = PBXGroup;
			children = (
				D47C073126D139A900079D08 /* Pokemon_QuizTests.swift */,
				D47C073326D139A900079D08 /* Info.plist */,
			);
			path = "Pokemon QuizTests";
			sourceTree = "<group>";
		};
		D47C073B26D139A900079D08 /* Pokemon QuizUITests */ = {
			isa = PBXGroup;
			children = (
				D47C073C26D139A900079D08 /* Pokemon_QuizUITests.swift */,
				D47C073E26D139A900079D08 /* Info.plist */,
			);
			path = "Pokemon QuizUITests";
			sourceTree = "<group>";
		};
		D47C074E26D14B2800079D08 /* Controller */ = {
			isa = PBXGroup;
			children = (
				D4D95C4B26D2551900A1B2F0 /* BaseViewController.swift */,
				D46C34D626D4EB5C001E27D3 /* Game */,
				D4D95C4726D2502C00A1B2F0 /* Menu */,
			);
			path = Controller;
			sourceTree = "<group>";
		};
		D47C075026D14B3900079D08 /* Model */ = {
			isa = PBXGroup;
			children = (
				D47C075826D14DEB00079D08 /* Pokemon.swift */,
				D4D95C5826D277BA00A1B2F0 /* Question.swift */,
			);
			path = Model;
			sourceTree = "<group>";
		};
		D47C075126D14B5700079D08 /* Helpers */ = {
			isa = PBXGroup;
			children = (
				D47C075426D14C4200079D08 /* API */,
				D46C34E926D4FD59001E27D3 /* Audio */,
				D46C34E526D4FCC7001E27D3 /* Data */,
				D47C075A26D1516F00079D08 /* DB */,
				D4D95C5126D2587500A1B2F0 /* Factories */,
				D46C350A26D59EAF001E27D3 /* Game */,
				D46C34DB26D4FAC4001E27D3 /* Imaging */,
				D46C34E726D4FCF3001E27D3 /* Misc */,
				D46C34E626D4FCE4001E27D3 /* Nav */,
				D47C075526D14CAB00079D08 /* Network */,
			);
			path = Helpers;
			sourceTree = "<group>";
		};
		D47C075426D14C4200079D08 /* API */ = {
			isa = PBXGroup;
			children = (
				D47C075226D14C3000079D08 /* PokemonAPIClient.swift */,
			);
			path = API;
			sourceTree = "<group>";
		};
		D47C075526D14CAB00079D08 /* Network */ = {
			isa = PBXGroup;
			children = (
				D47C075626D14CBD00079D08 /* HttpClient.swift */,
			);
			path = Network;
			sourceTree = "<group>";
		};
		D47C075A26D1516F00079D08 /* DB */ = {
			isa = PBXGroup;
			children = (
				D47C075B26D1518400079D08 /* CoreDataHelper.swift */,
			);
			path = DB;
			sourceTree = "<group>";
		};
		D4D95C4726D2502C00A1B2F0 /* Menu */ = {
			isa = PBXGroup;
			children = (
				D4D95C4826D2504B00A1B2F0 /* MenuViewController.swift */,
			);
			path = Menu;
			sourceTree = "<group>";
		};
		D4D95C4D26D2568200A1B2F0 /* ViewModel */ = {
			isa = PBXGroup;
			children = (
				D4D95C5A26D2780500A1B2F0 /* QuestionViewModel.swift */,
			);
			path = ViewModel;
			sourceTree = "<group>";
		};
		D4D95C4E26D2568D00A1B2F0 /* View */ = {
			isa = PBXGroup;
			children = (
				D46C34F526D52E61001E27D3 /* Buttons */,
				D46C34FA26D54EFD001E27D3 /* CharacterView.swift */,
				D46C34D926D4F85A001E27D3 /* GameViewControllerView.swift */,
				D4D95C4F26D256B900A1B2F0 /* MenuViewControllerView.swift */,
				D46C34F826D5312E001E27D3 /* NativeView.swift */,
				D47B324226D617BA0064A38E /* TimerView.swift */,
			);
			path = View;
			sourceTree = "<group>";
		};
		D4D95C5126D2587500A1B2F0 /* Factories */ = {
			isa = PBXGroup;
			children = (
				D4D95C5226D2589000A1B2F0 /* ViewFactory.swift */,
			);
			path = Factories;
			sourceTree = "<group>";
		};
/* End PBXGroup section */

/* Begin PBXNativeTarget section */
		D47C071326D139A000079D08 /* Pokemon Quiz */ = {
			isa = PBXNativeTarget;
			buildConfigurationList = D47C074126D139A900079D08 /* Build configuration list for PBXNativeTarget "Pokemon Quiz" */;
			buildPhases = (
				D47C071026D139A000079D08 /* Sources */,
				D47C071126D139A000079D08 /* Frameworks */,
				D47C071226D139A000079D08 /* Resources */,
			);
			buildRules = (
			);
			dependencies = (
			);
			name = "Pokemon Quiz";
			productName = "Pokemon Quiz";
			productReference = D47C071426D139A000079D08 /* Pokemon Quiz.app */;
			productType = "com.apple.product-type.application";
		};
		D47C072C26D139A900079D08 /* Pokemon QuizTests */ = {
			isa = PBXNativeTarget;
			buildConfigurationList = D47C074426D139A900079D08 /* Build configuration list for PBXNativeTarget "Pokemon QuizTests" */;
			buildPhases = (
				D47C072926D139A900079D08 /* Sources */,
				D47C072A26D139A900079D08 /* Frameworks */,
				D47C072B26D139A900079D08 /* Resources */,
			);
			buildRules = (
			);
			dependencies = (
				D47C072F26D139A900079D08 /* PBXTargetDependency */,
			);
			name = "Pokemon QuizTests";
			productName = "Pokemon QuizTests";
			productReference = D47C072D26D139A900079D08 /* Pokemon QuizTests.xctest */;
			productType = "com.apple.product-type.bundle.unit-test";
		};
		D47C073726D139A900079D08 /* Pokemon QuizUITests */ = {
			isa = PBXNativeTarget;
			buildConfigurationList = D47C074726D139A900079D08 /* Build configuration list for PBXNativeTarget "Pokemon QuizUITests" */;
			buildPhases = (
				D47C073426D139A900079D08 /* Sources */,
				D47C073526D139A900079D08 /* Frameworks */,
				D47C073626D139A900079D08 /* Resources */,
			);
			buildRules = (
			);
			dependencies = (
				D47C073A26D139A900079D08 /* PBXTargetDependency */,
			);
			name = "Pokemon QuizUITests";
			productName = "Pokemon QuizUITests";
			productReference = D47C073826D139A900079D08 /* Pokemon QuizUITests.xctest */;
			productType = "com.apple.product-type.bundle.ui-testing";
		};
/* End PBXNativeTarget section */

/* Begin PBXProject section */
		D47C070C26D139A000079D08 /* Project object */ = {
			isa = PBXProject;
			attributes = {
				LastSwiftUpdateCheck = 1250;
				LastUpgradeCheck = 1250;
				TargetAttributes = {
					D47C071326D139A000079D08 = {
						CreatedOnToolsVersion = 12.5.1;
					};
					D47C072C26D139A900079D08 = {
						CreatedOnToolsVersion = 12.5.1;
						TestTargetID = D47C071326D139A000079D08;
					};
					D47C073726D139A900079D08 = {
						CreatedOnToolsVersion = 12.5.1;
						TestTargetID = D47C071326D139A000079D08;
					};
				};
			};
			buildConfigurationList = D47C070F26D139A000079D08 /* Build configuration list for PBXProject "Pokemon Quiz" */;
			compatibilityVersion = "Xcode 9.3";
			developmentRegion = en;
			hasScannedForEncodings = 0;
			knownRegions = (
				en,
				Base,
			);
			mainGroup = D47C070B26D139A000079D08;
			productRefGroup = D47C071526D139A000079D08 /* Products */;
			projectDirPath = "";
			projectRoot = "";
			targets = (
				D47C071326D139A000079D08 /* Pokemon Quiz */,
				D47C072C26D139A900079D08 /* Pokemon QuizTests */,
				D47C073726D139A900079D08 /* Pokemon QuizUITests */,
			);
		};
/* End PBXProject section */

/* Begin PBXResourcesBuildPhase section */
		D47C071226D139A000079D08 /* Resources */ = {
			isa = PBXResourcesBuildPhase;
			buildActionMask = 2147483647;
			files = (
				D46C350726D58DEC001E27D3 /* correct.mp3 in Resources */,
				D46C350526D58BB9001E27D3 /* incorrect.mp3 in Resources */,
				D47C072726D139A900079D08 /* LaunchScreen.storyboard in Resources */,
				D47C072426D139A900079D08 /* Assets.xcassets in Resources */,
				D46C34F426D50BB6001E27D3 /* theme.mp3 in Resources */,
			);
			runOnlyForDeploymentPostprocessing = 0;
		};
		D47C072B26D139A900079D08 /* Resources */ = {
			isa = PBXResourcesBuildPhase;
			buildActionMask = 2147483647;
			files = (
			);
			runOnlyForDeploymentPostprocessing = 0;
		};
		D47C073626D139A900079D08 /* Resources */ = {
			isa = PBXResourcesBuildPhase;
			buildActionMask = 2147483647;
			files = (
			);
			runOnlyForDeploymentPostprocessing = 0;
		};
/* End PBXResourcesBuildPhase section */

/* Begin PBXSourcesBuildPhase section */
		D47C071026D139A000079D08 /* Sources */ = {
			isa = PBXSourcesBuildPhase;
			buildActionMask = 2147483647;
			files = (
				D47C075C26D1518400079D08 /* CoreDataHelper.swift in Sources */,
				D4D95C5926D277BA00A1B2F0 /* Question.swift in Sources */,
				D47C075326D14C3000079D08 /* PokemonAPIClient.swift in Sources */,
				D4D95C4C26D2551900A1B2F0 /* BaseViewController.swift in Sources */,
				D4D95C5D26D27EB400A1B2F0 /* Observable.swift in Sources */,
				D47C075726D14CBD00079D08 /* HttpClient.swift in Sources */,
				D46C350326D587BB001E27D3 /* GameViewController+Ext.swift in Sources */,
				D4D95C4926D2504B00A1B2F0 /* MenuViewController.swift in Sources */,
				D46C34DA26D4F85A001E27D3 /* GameViewControllerView.swift in Sources */,
				D46C34EB26D4FE0E001E27D3 /* Views.swift in Sources */,
				D46C34D826D4EB81001E27D3 /* GameViewController.swift in Sources */,
				D46C350126D57B34001E27D3 /* OptionButton.swift in Sources */,
				D4D95C5726D26ED600A1B2F0 /* Utils.swift in Sources */,
				D46C34F926D5312E001E27D3 /* NativeView.swift in Sources */,
				D4D95C5F26D27F0900A1B2F0 /* QuestionManager.swift in Sources */,
				D4D95C5B26D2780500A1B2F0 /* QuestionViewModel.swift in Sources */,
				D46C350926D59EA0001E27D3 /* SessionManager.swift in Sources */,
				D47C071826D139A000079D08 /* AppDelegate.swift in Sources */,
				D47B324326D617BA0064A38E /* TimerView.swift in Sources */,
				D4D95C5026D256B900A1B2F0 /* MenuViewControllerView.swift in Sources */,
				D47C072226D139A000079D08 /* Pokemon_Quiz.xcdatamodeld in Sources */,
				D46C34E226D4FB5C001E27D3 /* Styling.swift in Sources */,
				D4D95C6126D2957F00A1B2F0 /* PokemonDataStore.swift in Sources */,
				D46C34DD26D4FAD9001E27D3 /* ImageDownloadManager.swift in Sources */,
				D46C34E426D4FB81001E27D3 /* Labels.swift in Sources */,
				D46C34FB26D54EFD001E27D3 /* CharacterView.swift in Sources */,
				D47C075926D14DEB00079D08 /* Pokemon.swift in Sources */,
				D47C074D26D14A1300079D08 /* Protocols.swift in Sources */,
				D46C34F726D52E71001E27D3 /* MenuButton.swift in Sources */,
				D46C34ED26D4FF0D001E27D3 /* AudioHelper.swift in Sources */,
				D46C34DF26D4FAEE001E27D3 /* ImageOperation.swift in Sources */,
				D47C074B26D149E200079D08 /* MainCoordinator.swift in Sources */,
				D47C071A26D139A000079D08 /* SceneDelegate.swift in Sources */,
				D4D95C5326D2589000A1B2F0 /* ViewFactory.swift in Sources */,
				D4D95C5526D25E9000A1B2F0 /* Data&Models.swift in Sources */,
				D47B324126D60EB80064A38E /* SupportButton.swift in Sources */,
			);
			runOnlyForDeploymentPostprocessing = 0;
		};
		D47C072926D139A900079D08 /* Sources */ = {
			isa = PBXSourcesBuildPhase;
			buildActionMask = 2147483647;
			files = (
				D47C073226D139A900079D08 /* Pokemon_QuizTests.swift in Sources */,
			);
			runOnlyForDeploymentPostprocessing = 0;
		};
		D47C073426D139A900079D08 /* Sources */ = {
			isa = PBXSourcesBuildPhase;
			buildActionMask = 2147483647;
			files = (
				D47C073D26D139A900079D08 /* Pokemon_QuizUITests.swift in Sources */,
			);
			runOnlyForDeploymentPostprocessing = 0;
		};
/* End PBXSourcesBuildPhase section */

/* Begin PBXTargetDependency section */
		D47C072F26D139A900079D08 /* PBXTargetDependency */ = {
			isa = PBXTargetDependency;
			target = D47C071326D139A000079D08 /* Pokemon Quiz */;
			targetProxy = D47C072E26D139A900079D08 /* PBXContainerItemProxy */;
		};
		D47C073A26D139A900079D08 /* PBXTargetDependency */ = {
			isa = PBXTargetDependency;
			target = D47C071326D139A000079D08 /* Pokemon Quiz */;
			targetProxy = D47C073926D139A900079D08 /* PBXContainerItemProxy */;
		};
/* End PBXTargetDependency section */

/* Begin PBXVariantGroup section */
		D47C072526D139A900079D08 /* LaunchScreen.storyboard */ = {
			isa = PBXVariantGroup;
			children = (
				D47C072626D139A900079D08 /* Base */,
			);
			name = LaunchScreen.storyboard;
			sourceTree = "<group>";
		};
/* End PBXVariantGroup section */

/* Begin XCBuildConfiguration section */
		D47C073F26D139A900079D08 /* Debug */ = {
			isa = XCBuildConfiguration;
			buildSettings = {
				ALWAYS_SEARCH_USER_PATHS = NO;
				CLANG_ANALYZER_NONNULL = YES;
				CLANG_ANALYZER_NUMBER_OBJECT_CONVERSION = YES_AGGRESSIVE;
				CLANG_CXX_LANGUAGE_STANDARD = "gnu++14";
				CLANG_CXX_LIBRARY = "libc++";
				CLANG_ENABLE_MODULES = YES;
				CLANG_ENABLE_OBJC_ARC = YES;
				CLANG_ENABLE_OBJC_WEAK = YES;
				CLANG_WARN_BLOCK_CAPTURE_AUTORELEASING = YES;
				CLANG_WARN_BOOL_CONVERSION = YES;
				CLANG_WARN_COMMA = YES;
				CLANG_WARN_CONSTANT_CONVERSION = YES;
				CLANG_WARN_DEPRECATED_OBJC_IMPLEMENTATIONS = YES;
				CLANG_WARN_DIRECT_OBJC_ISA_USAGE = YES_ERROR;
				CLANG_WARN_DOCUMENTATION_COMMENTS = YES;
				CLANG_WARN_EMPTY_BODY = YES;
				CLANG_WARN_ENUM_CONVERSION = YES;
				CLANG_WARN_INFINITE_RECURSION = YES;
				CLANG_WARN_INT_CONVERSION = YES;
				CLANG_WARN_NON_LITERAL_NULL_CONVERSION = YES;
				CLANG_WARN_OBJC_IMPLICIT_RETAIN_SELF = YES;
				CLANG_WARN_OBJC_LITERAL_CONVERSION = YES;
				CLANG_WARN_OBJC_ROOT_CLASS = YES_ERROR;
				CLANG_WARN_QUOTED_INCLUDE_IN_FRAMEWORK_HEADER = YES;
				CLANG_WARN_RANGE_LOOP_ANALYSIS = YES;
				CLANG_WARN_STRICT_PROTOTYPES = YES;
				CLANG_WARN_SUSPICIOUS_MOVE = YES;
				CLANG_WARN_UNGUARDED_AVAILABILITY = YES_AGGRESSIVE;
				CLANG_WARN_UNREACHABLE_CODE = YES;
				CLANG_WARN__DUPLICATE_METHOD_MATCH = YES;
				COPY_PHASE_STRIP = NO;
				DEBUG_INFORMATION_FORMAT = dwarf;
				ENABLE_STRICT_OBJC_MSGSEND = YES;
				ENABLE_TESTABILITY = YES;
				GCC_C_LANGUAGE_STANDARD = gnu11;
				GCC_DYNAMIC_NO_PIC = NO;
				GCC_NO_COMMON_BLOCKS = YES;
				GCC_OPTIMIZATION_LEVEL = 0;
				GCC_PREPROCESSOR_DEFINITIONS = (
					"DEBUG=1",
					"$(inherited)",
				);
				GCC_WARN_64_TO_32_BIT_CONVERSION = YES;
				GCC_WARN_ABOUT_RETURN_TYPE = YES_ERROR;
				GCC_WARN_UNDECLARED_SELECTOR = YES;
				GCC_WARN_UNINITIALIZED_AUTOS = YES_AGGRESSIVE;
				GCC_WARN_UNUSED_FUNCTION = YES;
				GCC_WARN_UNUSED_VARIABLE = YES;
				IPHONEOS_DEPLOYMENT_TARGET = 14.5;
				MTL_ENABLE_DEBUG_INFO = INCLUDE_SOURCE;
				MTL_FAST_MATH = YES;
				ONLY_ACTIVE_ARCH = YES;
				SDKROOT = iphoneos;
				SWIFT_ACTIVE_COMPILATION_CONDITIONS = DEBUG;
				SWIFT_OPTIMIZATION_LEVEL = "-Onone";
			};
			name = Debug;
		};
		D47C074026D139A900079D08 /* Release */ = {
			isa = XCBuildConfiguration;
			buildSettings = {
				ALWAYS_SEARCH_USER_PATHS = NO;
				CLANG_ANALYZER_NONNULL = YES;
				CLANG_ANALYZER_NUMBER_OBJECT_CONVERSION = YES_AGGRESSIVE;
				CLANG_CXX_LANGUAGE_STANDARD = "gnu++14";
				CLANG_CXX_LIBRARY = "libc++";
				CLANG_ENABLE_MODULES = YES;
				CLANG_ENABLE_OBJC_ARC = YES;
				CLANG_ENABLE_OBJC_WEAK = YES;
				CLANG_WARN_BLOCK_CAPTURE_AUTORELEASING = YES;
				CLANG_WARN_BOOL_CONVERSION = YES;
				CLANG_WARN_COMMA = YES;
				CLANG_WARN_CONSTANT_CONVERSION = YES;
				CLANG_WARN_DEPRECATED_OBJC_IMPLEMENTATIONS = YES;
				CLANG_WARN_DIRECT_OBJC_ISA_USAGE = YES_ERROR;
				CLANG_WARN_DOCUMENTATION_COMMENTS = YES;
				CLANG_WARN_EMPTY_BODY = YES;
				CLANG_WARN_ENUM_CONVERSION = YES;
				CLANG_WARN_INFINITE_RECURSION = YES;
				CLANG_WARN_INT_CONVERSION = YES;
				CLANG_WARN_NON_LITERAL_NULL_CONVERSION = YES;
				CLANG_WARN_OBJC_IMPLICIT_RETAIN_SELF = YES;
				CLANG_WARN_OBJC_LITERAL_CONVERSION = YES;
				CLANG_WARN_OBJC_ROOT_CLASS = YES_ERROR;
				CLANG_WARN_QUOTED_INCLUDE_IN_FRAMEWORK_HEADER = YES;
				CLANG_WARN_RANGE_LOOP_ANALYSIS = YES;
				CLANG_WARN_STRICT_PROTOTYPES = YES;
				CLANG_WARN_SUSPICIOUS_MOVE = YES;
				CLANG_WARN_UNGUARDED_AVAILABILITY = YES_AGGRESSIVE;
				CLANG_WARN_UNREACHABLE_CODE = YES;
				CLANG_WARN__DUPLICATE_METHOD_MATCH = YES;
				COPY_PHASE_STRIP = NO;
				DEBUG_INFORMATION_FORMAT = "dwarf-with-dsym";
				ENABLE_NS_ASSERTIONS = NO;
				ENABLE_STRICT_OBJC_MSGSEND = YES;
				GCC_C_LANGUAGE_STANDARD = gnu11;
				GCC_NO_COMMON_BLOCKS = YES;
				GCC_WARN_64_TO_32_BIT_CONVERSION = YES;
				GCC_WARN_ABOUT_RETURN_TYPE = YES_ERROR;
				GCC_WARN_UNDECLARED_SELECTOR = YES;
				GCC_WARN_UNINITIALIZED_AUTOS = YES_AGGRESSIVE;
				GCC_WARN_UNUSED_FUNCTION = YES;
				GCC_WARN_UNUSED_VARIABLE = YES;
				IPHONEOS_DEPLOYMENT_TARGET = 14.5;
				MTL_ENABLE_DEBUG_INFO = NO;
				MTL_FAST_MATH = YES;
				SDKROOT = iphoneos;
				SWIFT_COMPILATION_MODE = wholemodule;
				SWIFT_OPTIMIZATION_LEVEL = "-O";
				VALIDATE_PRODUCT = YES;
			};
			name = Release;
		};
		D47C074226D139A900079D08 /* Debug */ = {
			isa = XCBuildConfiguration;
			buildSettings = {
				ASSETCATALOG_COMPILER_APPICON_NAME = AppIcon;
				ASSETCATALOG_COMPILER_GLOBAL_ACCENT_COLOR_NAME = AccentColor;
				CODE_SIGN_STYLE = Automatic;
				DEVELOPMENT_TEAM = XL2837NWLW;
				INFOPLIST_FILE = "Pokemon Quiz/Info.plist";
				LD_RUNPATH_SEARCH_PATHS = (
					"$(inherited)",
					"@executable_path/Frameworks",
				);
				PRODUCT_BUNDLE_IDENTIFIER = "com.kazamazza.Pokemon-Quiz";
				PRODUCT_NAME = "$(TARGET_NAME)";
				SWIFT_VERSION = 5.0;
				TARGETED_DEVICE_FAMILY = "1,2";
			};
			name = Debug;
		};
		D47C074326D139A900079D08 /* Release */ = {
			isa = XCBuildConfiguration;
			buildSettings = {
				ASSETCATALOG_COMPILER_APPICON_NAME = AppIcon;
				ASSETCATALOG_COMPILER_GLOBAL_ACCENT_COLOR_NAME = AccentColor;
				CODE_SIGN_STYLE = Automatic;
				DEVELOPMENT_TEAM = XL2837NWLW;
				INFOPLIST_FILE = "Pokemon Quiz/Info.plist";
				LD_RUNPATH_SEARCH_PATHS = (
					"$(inherited)",
					"@executable_path/Frameworks",
				);
				PRODUCT_BUNDLE_IDENTIFIER = "com.kazamazza.Pokemon-Quiz";
				PRODUCT_NAME = "$(TARGET_NAME)";
				SWIFT_VERSION = 5.0;
				TARGETED_DEVICE_FAMILY = "1,2";
			};
			name = Release;
		};
		D47C074526D139A900079D08 /* Debug */ = {
			isa = XCBuildConfiguration;
			buildSettings = {
				ALWAYS_EMBED_SWIFT_STANDARD_LIBRARIES = YES;
				BUNDLE_LOADER = "$(TEST_HOST)";
				CODE_SIGN_STYLE = Automatic;
				DEVELOPMENT_TEAM = XL2837NWLW;
				INFOPLIST_FILE = "Pokemon QuizTests/Info.plist";
				IPHONEOS_DEPLOYMENT_TARGET = 14.5;
				LD_RUNPATH_SEARCH_PATHS = (
					"$(inherited)",
					"@executable_path/Frameworks",
					"@loader_path/Frameworks",
				);
				PRODUCT_BUNDLE_IDENTIFIER = "com.kazamazza.Pokemon-QuizTests";
				PRODUCT_NAME = "$(TARGET_NAME)";
				SWIFT_VERSION = 5.0;
				TARGETED_DEVICE_FAMILY = "1,2";
				TEST_HOST = "$(BUILT_PRODUCTS_DIR)/Pokemon Quiz.app/Pokemon Quiz";
			};
			name = Debug;
		};
		D47C074626D139A900079D08 /* Release */ = {
			isa = XCBuildConfiguration;
			buildSettings = {
				ALWAYS_EMBED_SWIFT_STANDARD_LIBRARIES = YES;
				BUNDLE_LOADER = "$(TEST_HOST)";
				CODE_SIGN_STYLE = Automatic;
				DEVELOPMENT_TEAM = XL2837NWLW;
				INFOPLIST_FILE = "Pokemon QuizTests/Info.plist";
				IPHONEOS_DEPLOYMENT_TARGET = 14.5;
				LD_RUNPATH_SEARCH_PATHS = (
					"$(inherited)",
					"@executable_path/Frameworks",
					"@loader_path/Frameworks",
				);
				PRODUCT_BUNDLE_IDENTIFIER = "com.kazamazza.Pokemon-QuizTests";
				PRODUCT_NAME = "$(TARGET_NAME)";
				SWIFT_VERSION = 5.0;
				TARGETED_DEVICE_FAMILY = "1,2";
				TEST_HOST = "$(BUILT_PRODUCTS_DIR)/Pokemon Quiz.app/Pokemon Quiz";
			};
			name = Release;
		};
		D47C074826D139A900079D08 /* Debug */ = {
			isa = XCBuildConfiguration;
			buildSettings = {
				ALWAYS_EMBED_SWIFT_STANDARD_LIBRARIES = YES;
				CODE_SIGN_STYLE = Automatic;
				DEVELOPMENT_TEAM = XL2837NWLW;
				INFOPLIST_FILE = "Pokemon QuizUITests/Info.plist";
				LD_RUNPATH_SEARCH_PATHS = (
					"$(inherited)",
					"@executable_path/Frameworks",
					"@loader_path/Frameworks",
				);
				PRODUCT_BUNDLE_IDENTIFIER = "com.kazamazza.Pokemon-QuizUITests";
				PRODUCT_NAME = "$(TARGET_NAME)";
				SWIFT_VERSION = 5.0;
				TARGETED_DEVICE_FAMILY = "1,2";
				TEST_TARGET_NAME = "Pokemon Quiz";
			};
			name = Debug;
		};
		D47C074926D139A900079D08 /* Release */ = {
			isa = XCBuildConfiguration;
			buildSettings = {
				ALWAYS_EMBED_SWIFT_STANDARD_LIBRARIES = YES;
				CODE_SIGN_STYLE = Automatic;
				DEVELOPMENT_TEAM = XL2837NWLW;
				INFOPLIST_FILE = "Pokemon QuizUITests/Info.plist";
				LD_RUNPATH_SEARCH_PATHS = (
					"$(inherited)",
					"@executable_path/Frameworks",
					"@loader_path/Frameworks",
				);
				PRODUCT_BUNDLE_IDENTIFIER = "com.kazamazza.Pokemon-QuizUITests";
				PRODUCT_NAME = "$(TARGET_NAME)";
				SWIFT_VERSION = 5.0;
				TARGETED_DEVICE_FAMILY = "1,2";
				TEST_TARGET_NAME = "Pokemon Quiz";
			};
			name = Release;
		};
/* End XCBuildConfiguration section */

/* Begin XCConfigurationList section */
		D47C070F26D139A000079D08 /* Build configuration list for PBXProject "Pokemon Quiz" */ = {
			isa = XCConfigurationList;
			buildConfigurations = (
				D47C073F26D139A900079D08 /* Debug */,
				D47C074026D139A900079D08 /* Release */,
			);
			defaultConfigurationIsVisible = 0;
			defaultConfigurationName = Release;
		};
		D47C074126D139A900079D08 /* Build configuration list for PBXNativeTarget "Pokemon Quiz" */ = {
			isa = XCConfigurationList;
			buildConfigurations = (
				D47C074226D139A900079D08 /* Debug */,
				D47C074326D139A900079D08 /* Release */,
			);
			defaultConfigurationIsVisible = 0;
			defaultConfigurationName = Release;
		};
		D47C074426D139A900079D08 /* Build configuration list for PBXNativeTarget "Pokemon QuizTests" */ = {
			isa = XCConfigurationList;
			buildConfigurations = (
				D47C074526D139A900079D08 /* Debug */,
				D47C074626D139A900079D08 /* Release */,
			);
			defaultConfigurationIsVisible = 0;
			defaultConfigurationName = Release;
		};
		D47C074726D139A900079D08 /* Build configuration list for PBXNativeTarget "Pokemon QuizUITests" */ = {
			isa = XCConfigurationList;
			buildConfigurations = (
				D47C074826D139A900079D08 /* Debug */,
				D47C074926D139A900079D08 /* Release */,
			);
			defaultConfigurationIsVisible = 0;
			defaultConfigurationName = Release;
		};
/* End XCConfigurationList section */

/* Begin XCVersionGroup section */
		D47C072026D139A000079D08 /* Pokemon_Quiz.xcdatamodeld */ = {
			isa = XCVersionGroup;
			children = (
				D47C072126D139A000079D08 /* Pokemon_Quiz.xcdatamodel */,
			);
			currentVersion = D47C072126D139A000079D08 /* Pokemon_Quiz.xcdatamodel */;
			path = Pokemon_Quiz.xcdatamodeld;
			sourceTree = "<group>";
			versionGroupType = wrapper.xcdatamodel;
		};
/* End XCVersionGroup section */
	};
	rootObject = D47C070C26D139A000079D08 /* Project object */;
}
